
Microsoft Visual Studio Solution File, Format Version 12.00
# Visual Studio Version 16
VisualStudioVersion = 16.0.30907.101
MinimumVisualStudioVersion = 10.0.40219.1
Project("{9A19103F-16F7-4668-BE54-9A1E7A4F7556}") = "Homework", "ConsoleApp2\Homework.csproj", "{C84B5779-7870-44CA-AA62-0BBFA4B8F965}"
EndProject
Global
	GlobalSection(SolutionConfigurationPlatforms) = preSolution
		Debug|Any CPU = Debug|Any CPU
		Release|Any CPU = Release|Any CPU
	EndGlobalSection
	GlobalSection(ProjectConfigurationPlatforms) = postSolution
		{C84B5779-7870-44CA-AA62-0BBFA4B8F965}.Debug|Any CPU.ActiveCfg = Debug|Any CPU
		{C84B5779-7870-44CA-AA62-0BBFA4B8F965}.Debug|Any CPU.Build.0 = Debug|Any CPU
		{C84B5779-7870-44CA-AA62-0BBFA4B8F965}.Release|Any CPU.ActiveCfg = Release|Any CPU
		{C84B5779-7870-44CA-AA62-0BBFA4B8F965}.Release|Any CPU.Build.0 = Release|Any CPU
	EndGlobalSection
	GlobalSection(SolutionProperties) = preSolution
		HideSolutionNode = FALSE
	EndGlobalSection
	GlobalSection(ExtensibilityGlobals) = postSolution
		SolutionGuid = {6416E29B-AF53-4F94-AA18-6C61EF514B7F}
	EndGlobalSection
EndGlobal
