
Microsoft Visual Studio Solution File, Format Version 12.00
# Visual Studio Version 16
VisualStudioVersion = 16.0.30907.101
MinimumVisualStudioVersion = 10.0.40219.1
Project("{9A19103F-16F7-4668-BE54-9A1E7A4F7556}") = "HomeWork", "HomeWork.csproj", "{545FB495-79B0-4DBA-9213-CB966608CDB0}"
EndProject
Project("{9A19103F-16F7-4668-BE54-9A1E7A4F7556}") = "WordCounter", "..\WordCounter\WordCounter.csproj", "{7F8AAD70-DE87-4D63-8E3A-73CAF8FB004C}"
EndProject
Global
	GlobalSection(SolutionConfigurationPlatforms) = preSolution
		Debug|Any CPU = Debug|Any CPU
		Release|Any CPU = Release|Any CPU
	EndGlobalSection
	GlobalSection(ProjectConfigurationPlatforms) = postSolution
		{545FB495-79B0-4DBA-9213-CB966608CDB0}.Debug|Any CPU.ActiveCfg = Debug|Any CPU
		{545FB495-79B0-4DBA-9213-CB966608CDB0}.Debug|Any CPU.Build.0 = Debug|Any CPU
		{545FB495-79B0-4DBA-9213-CB966608CDB0}.Release|Any CPU.ActiveCfg = Release|Any CPU
		{545FB495-79B0-4DBA-9213-CB966608CDB0}.Release|Any CPU.Build.0 = Release|Any CPU
		{7F8AAD70-DE87-4D63-8E3A-73CAF8FB004C}.Debug|Any CPU.ActiveCfg = Debug|Any CPU
		{7F8AAD70-DE87-4D63-8E3A-73CAF8FB004C}.Debug|Any CPU.Build.0 = Debug|Any CPU
		{7F8AAD70-DE87-4D63-8E3A-73CAF8FB004C}.Release|Any CPU.ActiveCfg = Release|Any CPU
		{7F8AAD70-DE87-4D63-8E3A-73CAF8FB004C}.Release|Any CPU.Build.0 = Release|Any CPU
	EndGlobalSection
	GlobalSection(SolutionProperties) = preSolution
		HideSolutionNode = FALSE
	EndGlobalSection
	GlobalSection(ExtensibilityGlobals) = postSolution
		SolutionGuid = {17752F17-0097-4C4B-A653-66B49E7E8EDF}
	EndGlobalSection
EndGlobal
